// !$*UTF8*$!
{
	archiveVersion = 1;
	classes = {
	};
	objectVersion = 56;
	objects = {

/* Begin PBXBuildFile section */
		EF3B704C2C5BE6D8001292AA /* SDSharedUIApp.swift in Sources */ = {isa = PBXBuildFile; fileRef = EF3B704B2C5BE6D8001292AA /* SDSharedUIApp.swift */; };
		EF3B704E2C5BE6D8001292AA /* ContentView.swift in Sources */ = {isa = PBXBuildFile; fileRef = EF3B704D2C5BE6D8001292AA /* ContentView.swift */; };
		EF3B70502C5BE6D9001292AA /* Assets.xcassets in Resources */ = {isa = PBXBuildFile; fileRef = EF3B704F2C5BE6D9001292AA /* Assets.xcassets */; };
		EF3B70532C5BE6D9001292AA /* Preview Assets.xcassets in Resources */ = {isa = PBXBuildFile; fileRef = EF3B70522C5BE6D9001292AA /* Preview Assets.xcassets */; };
		EF966CDD2C5E5D5A00BBF2D3 /* AppInitializiation.swift in Sources */ = {isa = PBXBuildFile; fileRef = EF966CDC2C5E5D5A00BBF2D3 /* AppInitializiation.swift */; };
		EFD4A96A2C86B45400F26F89 /* StudentBasicProfileCardView.swift in Sources */ = {isa = PBXBuildFile; fileRef = EFD4A9692C86B45400F26F89 /* StudentBasicProfileCardView.swift */; };
		EFD4A9942C8DAB1900F26F89 /* SCTokens in Frameworks */ = {isa = PBXBuildFile; productRef = EFD4A9932C8DAB1900F26F89 /* SCTokens */; };
		EFD4A99A2C8DB95900F26F89 /* SCComponents in Frameworks */ = {isa = PBXBuildFile; productRef = EFD4A9992C8DB95900F26F89 /* SCComponents */; };
		EFD4A9A22C9350AE00F26F89 /* UserProfileCardView.swift in Sources */ = {isa = PBXBuildFile; fileRef = EFD4A9A12C9350AE00F26F89 /* UserProfileCardView.swift */; };
		EFD4A9A52C93CBE900F26F89 /* AllContentDataProvider.swift in Sources */ = {isa = PBXBuildFile; fileRef = EFD4A9A42C93CBE900F26F89 /* AllContentDataProvider.swift */; };
		EFD4A9A72C93CBF500F26F89 /* AllContentViewModel.swift in Sources */ = {isa = PBXBuildFile; fileRef = EFD4A9A62C93CBF500F26F89 /* AllContentViewModel.swift */; };
		EFD4A9A92C93CE2600F26F89 /* SharedUIContentView.swift in Sources */ = {isa = PBXBuildFile; fileRef = EFD4A9A82C93CE2600F26F89 /* SharedUIContentView.swift */; };
		EFD4A9AB2C942A4A00F26F89 /* Example.swift in Sources */ = {isa = PBXBuildFile; fileRef = EFD4A9AA2C942A4A00F26F89 /* Example.swift */; };
		EFD4A9AD2C944E3B00F26F89 /* SubContentView.swift in Sources */ = {isa = PBXBuildFile; fileRef = EFD4A9AC2C944E3B00F26F89 /* SubContentView.swift */; };
/* End PBXBuildFile section */

/* Begin PBXCopyFilesBuildPhase section */
		EF3B705D2C5BE806001292AA /* Embed Frameworks */ = {
			isa = PBXCopyFilesBuildPhase;
			buildActionMask = 2147483647;
			dstPath = "";
			dstSubfolderSpec = 10;
			files = (
			);
			name = "Embed Frameworks";
			runOnlyForDeploymentPostprocessing = 0;
		};
/* End PBXCopyFilesBuildPhase section */

/* Begin PBXFileReference section */
		EF161B912C5E837F00BB1980 /* Info.plist */ = {isa = PBXFileReference; lastKnownFileType = text.plist; path = Info.plist; sourceTree = "<group>"; };
		EF3B70482C5BE6D8001292AA /* SDSharedUI.app */ = {isa = PBXFileReference; explicitFileType = wrapper.application; includeInIndex = 0; path = SDSharedUI.app; sourceTree = BUILT_PRODUCTS_DIR; };
		EF3B704B2C5BE6D8001292AA /* SDSharedUIApp.swift */ = {isa = PBXFileReference; lastKnownFileType = sourcecode.swift; path = SDSharedUIApp.swift; sourceTree = "<group>"; };
		EF3B704D2C5BE6D8001292AA /* ContentView.swift */ = {isa = PBXFileReference; lastKnownFileType = sourcecode.swift; path = ContentView.swift; sourceTree = "<group>"; };
		EF3B704F2C5BE6D9001292AA /* Assets.xcassets */ = {isa = PBXFileReference; lastKnownFileType = folder.assetcatalog; path = Assets.xcassets; sourceTree = "<group>"; };
		EF3B70522C5BE6D9001292AA /* Preview Assets.xcassets */ = {isa = PBXFileReference; lastKnownFileType = folder.assetcatalog; path = "Preview Assets.xcassets"; sourceTree = "<group>"; };
		EF966CDC2C5E5D5A00BBF2D3 /* AppInitializiation.swift */ = {isa = PBXFileReference; lastKnownFileType = sourcecode.swift; path = AppInitializiation.swift; sourceTree = "<group>"; };
		EFD4A9692C86B45400F26F89 /* StudentBasicProfileCardView.swift */ = {isa = PBXFileReference; lastKnownFileType = sourcecode.swift; path = StudentBasicProfileCardView.swift; sourceTree = "<group>"; };
		EFD4A99E2C93401C00F26F89 /* SCComponents */ = {isa = PBXFileReference; lastKnownFileType = wrapper; name = SCComponents; path = ../../../GitHub/SCComponents; sourceTree = "<group>"; };
		EFD4A99F2C934ABB00F26F89 /* SCTokens */ = {isa = PBXFileReference; lastKnownFileType = wrapper; name = SCTokens; path = ../../../GitHub/SCTokens; sourceTree = "<group>"; };
		EFD4A9A12C9350AE00F26F89 /* UserProfileCardView.swift */ = {isa = PBXFileReference; lastKnownFileType = sourcecode.swift; path = UserProfileCardView.swift; sourceTree = "<group>"; };
		EFD4A9A42C93CBE900F26F89 /* AllContentDataProvider.swift */ = {isa = PBXFileReference; lastKnownFileType = sourcecode.swift; path = AllContentDataProvider.swift; sourceTree = "<group>"; };
		EFD4A9A62C93CBF500F26F89 /* AllContentViewModel.swift */ = {isa = PBXFileReference; lastKnownFileType = sourcecode.swift; path = AllContentViewModel.swift; sourceTree = "<group>"; };
		EFD4A9A82C93CE2600F26F89 /* SharedUIContentView.swift */ = {isa = PBXFileReference; lastKnownFileType = sourcecode.swift; path = SharedUIContentView.swift; sourceTree = "<group>"; };
		EFD4A9AA2C942A4A00F26F89 /* Example.swift */ = {isa = PBXFileReference; lastKnownFileType = sourcecode.swift; path = Example.swift; sourceTree = "<group>"; };
		EFD4A9AC2C944E3B00F26F89 /* SubContentView.swift */ = {isa = PBXFileReference; lastKnownFileType = sourcecode.swift; path = SubContentView.swift; sourceTree = "<group>"; };
/* End PBXFileReference section */

/* Begin PBXFrameworksBuildPhase section */
		EF3B70452C5BE6D8001292AA /* Frameworks */ = {
			isa = PBXFrameworksBuildPhase;
			buildActionMask = 2147483647;
			files = (
				EFD4A99A2C8DB95900F26F89 /* SCComponents in Frameworks */,
				EFD4A9942C8DAB1900F26F89 /* SCTokens in Frameworks */,
			);
			runOnlyForDeploymentPostprocessing = 0;
		};
/* End PBXFrameworksBuildPhase section */

/* Begin PBXGroup section */
		EF3B703F2C5BE6D8001292AA = {
			isa = PBXGroup;
			children = (
				EFD4A99F2C934ABB00F26F89 /* SCTokens */,
				EFD4A99E2C93401C00F26F89 /* SCComponents */,
				EF3B704A2C5BE6D8001292AA /* SDSharedUI */,
				EF3B70492C5BE6D8001292AA /* Products */,
				EF3B70592C5BE806001292AA /* Frameworks */,
			);
			sourceTree = "<group>";
		};
		EF3B70492C5BE6D8001292AA /* Products */ = {
			isa = PBXGroup;
			children = (
				EF3B70482C5BE6D8001292AA /* SDSharedUI.app */,
			);
			name = Products;
			sourceTree = "<group>";
		};
		EF3B704A2C5BE6D8001292AA /* SDSharedUI */ = {
			isa = PBXGroup;
			children = (
				EFD4A9A32C93CB6400F26F89 /* AllContents */,
				EFD4A9662C86B38900F26F89 /* Sources */,
				EF161B912C5E837F00BB1980 /* Info.plist */,
				EF966CDB2C5E5D4400BBF2D3 /* Managers */,
				EF3B704B2C5BE6D8001292AA /* SDSharedUIApp.swift */,
				EF3B704F2C5BE6D9001292AA /* Assets.xcassets */,
				EF3B70512C5BE6D9001292AA /* Preview Content */,
			);
			path = SDSharedUI;
			sourceTree = "<group>";
		};
		EF3B70512C5BE6D9001292AA /* Preview Content */ = {
			isa = PBXGroup;
			children = (
				EF3B70522C5BE6D9001292AA /* Preview Assets.xcassets */,
			);
			path = "Preview Content";
			sourceTree = "<group>";
		};
		EF3B70592C5BE806001292AA /* Frameworks */ = {
			isa = PBXGroup;
			children = (
			);
			name = Frameworks;
			sourceTree = "<group>";
		};
		EF966CDB2C5E5D4400BBF2D3 /* Managers */ = {
			isa = PBXGroup;
			children = (
				EF966CDC2C5E5D5A00BBF2D3 /* AppInitializiation.swift */,
				EFD4A9A82C93CE2600F26F89 /* SharedUIContentView.swift */,
				EFD4A9AA2C942A4A00F26F89 /* Example.swift */,
			);
			path = Managers;
			sourceTree = "<group>";
		};
		EFD4A9662C86B38900F26F89 /* Sources */ = {
			isa = PBXGroup;
			children = (
				EFD4A9672C86B39100F26F89 /* Production */,
			);
			path = Sources;
			sourceTree = "<group>";
		};
		EFD4A9672C86B39100F26F89 /* Production */ = {
			isa = PBXGroup;
			children = (
				EFD4A9A02C93504A00F26F89 /* UserProfileCard */,
				EFD4A9682C86B39C00F26F89 /* StudentBasicProfileCard */,
			);
			path = Production;
			sourceTree = "<group>";
		};
		EFD4A9682C86B39C00F26F89 /* StudentBasicProfileCard */ = {
			isa = PBXGroup;
			children = (
				EFD4A9692C86B45400F26F89 /* StudentBasicProfileCardView.swift */,
			);
			path = StudentBasicProfileCard;
			sourceTree = "<group>";
		};
		EFD4A9A02C93504A00F26F89 /* UserProfileCard */ = {
			isa = PBXGroup;
			children = (
				EFD4A9A12C9350AE00F26F89 /* UserProfileCardView.swift */,
			);
			path = UserProfileCard;
			sourceTree = "<group>";
		};
		EFD4A9A32C93CB6400F26F89 /* AllContents */ = {
			isa = PBXGroup;
			children = (
				EFD4A9AE2C94635E00F26F89 /* MainContentsView */,
				EFD4A9AC2C944E3B00F26F89 /* SubContentView.swift */,
			);
			path = AllContents;
			sourceTree = "<group>";
		};
		EFD4A9AE2C94635E00F26F89 /* MainContentsView */ = {
			isa = PBXGroup;
			children = (
				EF3B704D2C5BE6D8001292AA /* ContentView.swift */,
				EFD4A9A42C93CBE900F26F89 /* AllContentDataProvider.swift */,
				EFD4A9A62C93CBF500F26F89 /* AllContentViewModel.swift */,
			);
			path = MainContentsView;
			sourceTree = "<group>";
		};
/* End PBXGroup section */

/* Begin PBXNativeTarget section */
		EF3B70472C5BE6D8001292AA /* SDSharedUI */ = {
			isa = PBXNativeTarget;
			buildConfigurationList = EF3B70562C5BE6D9001292AA /* Build configuration list for PBXNativeTarget "SDSharedUI" */;
			buildPhases = (
				EF3B70442C5BE6D8001292AA /* Sources */,
				EF3B70452C5BE6D8001292AA /* Frameworks */,
				EF3B70462C5BE6D8001292AA /* Resources */,
				EF3B705D2C5BE806001292AA /* Embed Frameworks */,
			);
			buildRules = (
			);
			dependencies = (
			);
			name = SDSharedUI;
			packageProductDependencies = (
				EFD4A9932C8DAB1900F26F89 /* SCTokens */,
				EFD4A9992C8DB95900F26F89 /* SCComponents */,
			);
			productName = SDSharedUI;
			productReference = EF3B70482C5BE6D8001292AA /* SDSharedUI.app */;
			productType = "com.apple.product-type.application";
		};
/* End PBXNativeTarget section */

/* Begin PBXProject section */
		EF3B70402C5BE6D8001292AA /* Project object */ = {
			isa = PBXProject;
			attributes = {
				BuildIndependentTargetsInParallel = 1;
				LastSwiftUpdateCheck = 1500;
				LastUpgradeCheck = 1500;
				TargetAttributes = {
					EF3B70472C5BE6D8001292AA = {
						CreatedOnToolsVersion = 15.0.1;
					};
				};
			};
			buildConfigurationList = EF3B70432C5BE6D8001292AA /* Build configuration list for PBXProject "SDSharedUI" */;
			compatibilityVersion = "Xcode 14.0";
			developmentRegion = en;
			hasScannedForEncodings = 0;
			knownRegions = (
				en,
				Base,
			);
			mainGroup = EF3B703F2C5BE6D8001292AA;
			packageReferences = (
				EFD4A9922C8DAB1900F26F89 /* XCRemoteSwiftPackageReference "SCTokens" */,
				EFD4A9982C8DB95900F26F89 /* XCRemoteSwiftPackageReference "SCComponents" */,
			);
			productRefGroup = EF3B70492C5BE6D8001292AA /* Products */;
			projectDirPath = "";
			projectRoot = "";
			targets = (
				EF3B70472C5BE6D8001292AA /* SDSharedUI */,
			);
		};
/* End PBXProject section */

/* Begin PBXResourcesBuildPhase section */
		EF3B70462C5BE6D8001292AA /* Resources */ = {
			isa = PBXResourcesBuildPhase;
			buildActionMask = 2147483647;
			files = (
				EF3B70532C5BE6D9001292AA /* Preview Assets.xcassets in Resources */,
				EF3B70502C5BE6D9001292AA /* Assets.xcassets in Resources */,
			);
			runOnlyForDeploymentPostprocessing = 0;
		};
/* End PBXResourcesBuildPhase section */

/* Begin PBXSourcesBuildPhase section */
		EF3B70442C5BE6D8001292AA /* Sources */ = {
			isa = PBXSourcesBuildPhase;
			buildActionMask = 2147483647;
			files = (
				EF3B704E2C5BE6D8001292AA /* ContentView.swift in Sources */,
				EFD4A96A2C86B45400F26F89 /* StudentBasicProfileCardView.swift in Sources */,
				EFD4A9A72C93CBF500F26F89 /* AllContentViewModel.swift in Sources */,
				EFD4A9AD2C944E3B00F26F89 /* SubContentView.swift in Sources */,
				EF966CDD2C5E5D5A00BBF2D3 /* AppInitializiation.swift in Sources */,
				EFD4A9A92C93CE2600F26F89 /* SharedUIContentView.swift in Sources */,
				EF3B704C2C5BE6D8001292AA /* SDSharedUIApp.swift in Sources */,
				EFD4A9A52C93CBE900F26F89 /* AllContentDataProvider.swift in Sources */,
				EFD4A9AB2C942A4A00F26F89 /* Example.swift in Sources */,
				EFD4A9A22C9350AE00F26F89 /* UserProfileCardView.swift in Sources */,
			);
			runOnlyForDeploymentPostprocessing = 0;
		};
/* End PBXSourcesBuildPhase section */

/* Begin XCBuildConfiguration section */
		EF3B70542C5BE6D9001292AA /* Debug */ = {
			isa = XCBuildConfiguration;
			buildSettings = {
				ALWAYS_SEARCH_USER_PATHS = NO;
				ASSETCATALOG_COMPILER_GENERATE_SWIFT_ASSET_SYMBOL_EXTENSIONS = YES;
				CLANG_ANALYZER_NONNULL = YES;
				CLANG_ANALYZER_NUMBER_OBJECT_CONVERSION = YES_AGGRESSIVE;
				CLANG_CXX_LANGUAGE_STANDARD = "gnu++20";
				CLANG_ENABLE_MODULES = YES;
				CLANG_ENABLE_OBJC_ARC = YES;
				CLANG_ENABLE_OBJC_WEAK = YES;
				CLANG_WARN_BLOCK_CAPTURE_AUTORELEASING = YES;
				CLANG_WARN_BOOL_CONVERSION = YES;
				CLANG_WARN_COMMA = YES;
				CLANG_WARN_CONSTANT_CONVERSION = YES;
				CLANG_WARN_DEPRECATED_OBJC_IMPLEMENTATIONS = YES;
				CLANG_WARN_DIRECT_OBJC_ISA_USAGE = YES_ERROR;
				CLANG_WARN_DOCUMENTATION_COMMENTS = YES;
				CLANG_WARN_EMPTY_BODY = YES;
				CLANG_WARN_ENUM_CONVERSION = YES;
				CLANG_WARN_INFINITE_RECURSION = YES;
				CLANG_WARN_INT_CONVERSION = YES;
				CLANG_WARN_NON_LITERAL_NULL_CONVERSION = YES;
				CLANG_WARN_OBJC_IMPLICIT_RETAIN_SELF = YES;
				CLANG_WARN_OBJC_LITERAL_CONVERSION = YES;
				CLANG_WARN_OBJC_ROOT_CLASS = YES_ERROR;
				CLANG_WARN_QUOTED_INCLUDE_IN_FRAMEWORK_HEADER = YES;
				CLANG_WARN_RANGE_LOOP_ANALYSIS = YES;
				CLANG_WARN_STRICT_PROTOTYPES = YES;
				CLANG_WARN_SUSPICIOUS_MOVE = YES;
				CLANG_WARN_UNGUARDED_AVAILABILITY = YES_AGGRESSIVE;
				CLANG_WARN_UNREACHABLE_CODE = YES;
				CLANG_WARN__DUPLICATE_METHOD_MATCH = YES;
				COPY_PHASE_STRIP = NO;
				DEBUG_INFORMATION_FORMAT = dwarf;
				ENABLE_STRICT_OBJC_MSGSEND = YES;
				ENABLE_TESTABILITY = YES;
				ENABLE_USER_SCRIPT_SANDBOXING = YES;
				GCC_C_LANGUAGE_STANDARD = gnu17;
				GCC_DYNAMIC_NO_PIC = NO;
				GCC_NO_COMMON_BLOCKS = YES;
				GCC_OPTIMIZATION_LEVEL = 0;
				GCC_PREPROCESSOR_DEFINITIONS = (
					"DEBUG=1",
					"$(inherited)",
				);
				GCC_WARN_64_TO_32_BIT_CONVERSION = YES;
				GCC_WARN_ABOUT_RETURN_TYPE = YES_ERROR;
				GCC_WARN_UNDECLARED_SELECTOR = YES;
				GCC_WARN_UNINITIALIZED_AUTOS = YES_AGGRESSIVE;
				GCC_WARN_UNUSED_FUNCTION = YES;
				GCC_WARN_UNUSED_VARIABLE = YES;
				IPHONEOS_DEPLOYMENT_TARGET = 17.0;
				LOCALIZATION_PREFERS_STRING_CATALOGS = YES;
				MTL_ENABLE_DEBUG_INFO = INCLUDE_SOURCE;
				MTL_FAST_MATH = YES;
				ONLY_ACTIVE_ARCH = YES;
				SDKROOT = iphoneos;
				SWIFT_ACTIVE_COMPILATION_CONDITIONS = "DEBUG $(inherited)";
				SWIFT_OPTIMIZATION_LEVEL = "-Onone";
			};
			name = Debug;
		};
		EF3B70552C5BE6D9001292AA /* Release */ = {
			isa = XCBuildConfiguration;
			buildSettings = {
				ALWAYS_SEARCH_USER_PATHS = NO;
				ASSETCATALOG_COMPILER_GENERATE_SWIFT_ASSET_SYMBOL_EXTENSIONS = YES;
				CLANG_ANALYZER_NONNULL = YES;
				CLANG_ANALYZER_NUMBER_OBJECT_CONVERSION = YES_AGGRESSIVE;
				CLANG_CXX_LANGUAGE_STANDARD = "gnu++20";
				CLANG_ENABLE_MODULES = YES;
				CLANG_ENABLE_OBJC_ARC = YES;
				CLANG_ENABLE_OBJC_WEAK = YES;
				CLANG_WARN_BLOCK_CAPTURE_AUTORELEASING = YES;
				CLANG_WARN_BOOL_CONVERSION = YES;
				CLANG_WARN_COMMA = YES;
				CLANG_WARN_CONSTANT_CONVERSION = YES;
				CLANG_WARN_DEPRECATED_OBJC_IMPLEMENTATIONS = YES;
				CLANG_WARN_DIRECT_OBJC_ISA_USAGE = YES_ERROR;
				CLANG_WARN_DOCUMENTATION_COMMENTS = YES;
				CLANG_WARN_EMPTY_BODY = YES;
				CLANG_WARN_ENUM_CONVERSION = YES;
				CLANG_WARN_INFINITE_RECURSION = YES;
				CLANG_WARN_INT_CONVERSION = YES;
				CLANG_WARN_NON_LITERAL_NULL_CONVERSION = YES;
				CLANG_WARN_OBJC_IMPLICIT_RETAIN_SELF = YES;
				CLANG_WARN_OBJC_LITERAL_CONVERSION = YES;
				CLANG_WARN_OBJC_ROOT_CLASS = YES_ERROR;
				CLANG_WARN_QUOTED_INCLUDE_IN_FRAMEWORK_HEADER = YES;
				CLANG_WARN_RANGE_LOOP_ANALYSIS = YES;
				CLANG_WARN_STRICT_PROTOTYPES = YES;
				CLANG_WARN_SUSPICIOUS_MOVE = YES;
				CLANG_WARN_UNGUARDED_AVAILABILITY = YES_AGGRESSIVE;
				CLANG_WARN_UNREACHABLE_CODE = YES;
				CLANG_WARN__DUPLICATE_METHOD_MATCH = YES;
				COPY_PHASE_STRIP = NO;
				DEBUG_INFORMATION_FORMAT = "dwarf-with-dsym";
				ENABLE_NS_ASSERTIONS = NO;
				ENABLE_STRICT_OBJC_MSGSEND = YES;
				ENABLE_USER_SCRIPT_SANDBOXING = YES;
				GCC_C_LANGUAGE_STANDARD = gnu17;
				GCC_NO_COMMON_BLOCKS = YES;
				GCC_WARN_64_TO_32_BIT_CONVERSION = YES;
				GCC_WARN_ABOUT_RETURN_TYPE = YES_ERROR;
				GCC_WARN_UNDECLARED_SELECTOR = YES;
				GCC_WARN_UNINITIALIZED_AUTOS = YES_AGGRESSIVE;
				GCC_WARN_UNUSED_FUNCTION = YES;
				GCC_WARN_UNUSED_VARIABLE = YES;
				IPHONEOS_DEPLOYMENT_TARGET = 17.0;
				LOCALIZATION_PREFERS_STRING_CATALOGS = YES;
				MTL_ENABLE_DEBUG_INFO = NO;
				MTL_FAST_MATH = YES;
				SDKROOT = iphoneos;
				SWIFT_COMPILATION_MODE = wholemodule;
				VALIDATE_PRODUCT = YES;
			};
			name = Release;
		};
		EF3B70572C5BE6D9001292AA /* Debug */ = {
			isa = XCBuildConfiguration;
			buildSettings = {
				ASSETCATALOG_COMPILER_APPICON_NAME = AppIcon;
				ASSETCATALOG_COMPILER_GLOBAL_ACCENT_COLOR_NAME = AccentColor;
				CODE_SIGN_STYLE = Automatic;
				CURRENT_PROJECT_VERSION = 1;
				DEVELOPMENT_ASSET_PATHS = "\"SDSharedUI/Preview Content\"";
				DEVELOPMENT_TEAM = BFV9T5WD3C;
				ENABLE_PREVIEWS = YES;
				FRAMEWORK_SEARCH_PATHS = (
					"$(inherited)",
					"$(PROJECT_DIR)",
				);
				GENERATE_INFOPLIST_FILE = YES;
				INFOPLIST_FILE = SDSharedUI/Info.plist;
				INFOPLIST_KEY_UIApplicationSceneManifest_Generation = YES;
				INFOPLIST_KEY_UIApplicationSupportsIndirectInputEvents = YES;
				INFOPLIST_KEY_UILaunchScreen_Generation = YES;
				INFOPLIST_KEY_UISupportedInterfaceOrientations = UIInterfaceOrientationPortrait;
				INFOPLIST_KEY_UISupportedInterfaceOrientations_iPad = "UIInterfaceOrientationLandscapeLeft UIInterfaceOrientationLandscapeRight UIInterfaceOrientationPortrait UIInterfaceOrientationPortraitUpsideDown";
				IPHONEOS_DEPLOYMENT_TARGET = 16.0;
				LD_RUNPATH_SEARCH_PATHS = (
					"$(inherited)",
					"@executable_path/Frameworks",
				);
				MARKETING_VERSION = 1.0;
				PRODUCT_BUNDLE_IDENTIFIER = com.schoolDiary.SDSharedUI;
				PRODUCT_NAME = "$(TARGET_NAME)";
				SWIFT_EMIT_LOC_STRINGS = YES;
				SWIFT_VERSION = 5.0;
				TARGETED_DEVICE_FAMILY = "1,2";
			};
			name = Debug;
		};
		EF3B70582C5BE6D9001292AA /* Release */ = {
			isa = XCBuildConfiguration;
			buildSettings = {
				ASSETCATALOG_COMPILER_APPICON_NAME = AppIcon;
				ASSETCATALOG_COMPILER_GLOBAL_ACCENT_COLOR_NAME = AccentColor;
				CODE_SIGN_STYLE = Automatic;
				CURRENT_PROJECT_VERSION = 1;
				DEVELOPMENT_ASSET_PATHS = "\"SDSharedUI/Preview Content\"";
				DEVELOPMENT_TEAM = BFV9T5WD3C;
				ENABLE_PREVIEWS = YES;
				FRAMEWORK_SEARCH_PATHS = (
					"$(inherited)",
					"$(PROJECT_DIR)",
				);
				GENERATE_INFOPLIST_FILE = YES;
				INFOPLIST_FILE = SDSharedUI/Info.plist;
				INFOPLIST_KEY_UIApplicationSceneManifest_Generation = YES;
				INFOPLIST_KEY_UIApplicationSupportsIndirectInputEvents = YES;
				INFOPLIST_KEY_UILaunchScreen_Generation = YES;
				INFOPLIST_KEY_UISupportedInterfaceOrientations = UIInterfaceOrientationPortrait;
				INFOPLIST_KEY_UISupportedInterfaceOrientations_iPad = "UIInterfaceOrientationLandscapeLeft UIInterfaceOrientationLandscapeRight UIInterfaceOrientationPortrait UIInterfaceOrientationPortraitUpsideDown";
				IPHONEOS_DEPLOYMENT_TARGET = 16.0;
				LD_RUNPATH_SEARCH_PATHS = (
					"$(inherited)",
					"@executable_path/Frameworks",
				);
				MARKETING_VERSION = 1.0;
				PRODUCT_BUNDLE_IDENTIFIER = com.schoolDiary.SDSharedUI;
				PRODUCT_NAME = "$(TARGET_NAME)";
				SWIFT_EMIT_LOC_STRINGS = YES;
				SWIFT_VERSION = 5.0;
				TARGETED_DEVICE_FAMILY = "1,2";
			};
			name = Release;
		};
/* End XCBuildConfiguration section */

/* Begin XCConfigurationList section */
		EF3B70432C5BE6D8001292AA /* Build configuration list for PBXProject "SDSharedUI" */ = {
			isa = XCConfigurationList;
			buildConfigurations = (
				EF3B70542C5BE6D9001292AA /* Debug */,
				EF3B70552C5BE6D9001292AA /* Release */,
			);
			defaultConfigurationIsVisible = 0;
			defaultConfigurationName = Release;
		};
		EF3B70562C5BE6D9001292AA /* Build configuration list for PBXNativeTarget "SDSharedUI" */ = {
			isa = XCConfigurationList;
			buildConfigurations = (
				EF3B70572C5BE6D9001292AA /* Debug */,
				EF3B70582C5BE6D9001292AA /* Release */,
			);
			defaultConfigurationIsVisible = 0;
			defaultConfigurationName = Release;
		};
/* End XCConfigurationList section */

/* Begin XCRemoteSwiftPackageReference section */
		EFD4A9922C8DAB1900F26F89 /* XCRemoteSwiftPackageReference "SCTokens" */ = {
			isa = XCRemoteSwiftPackageReference;
			repositoryURL = "https://github.com/akki6230/SCTokens";
			requirement = {
				kind = upToNextMajorVersion;
				minimumVersion = 1.0.0;
			};
		};
		EFD4A9982C8DB95900F26F89 /* XCRemoteSwiftPackageReference "SCComponents" */ = {
			isa = XCRemoteSwiftPackageReference;
			repositoryURL = "https://github.com/akki6230/SCComponents";
			requirement = {
				kind = upToNextMajorVersion;
				minimumVersion = 1.0.0;
			};
		};
/* End XCRemoteSwiftPackageReference section */

/* Begin XCSwiftPackageProductDependency section */
		EFD4A9932C8DAB1900F26F89 /* SCTokens */ = {
			isa = XCSwiftPackageProductDependency;
			package = EFD4A9922C8DAB1900F26F89 /* XCRemoteSwiftPackageReference "SCTokens" */;
			productName = SCTokens;
		};
		EFD4A9992C8DB95900F26F89 /* SCComponents */ = {
			isa = XCSwiftPackageProductDependency;
			package = EFD4A9982C8DB95900F26F89 /* XCRemoteSwiftPackageReference "SCComponents" */;
			productName = SCComponents;
		};
/* End XCSwiftPackageProductDependency section */
	};
	rootObject = EF3B70402C5BE6D8001292AA /* Project object */;
}
