{
  "pins" : [
    {
      "identity" : "sccomponents",
      "kind" : "remoteSourceControl",
      "location" : "https://github.com/GetSchooly/SCComponents",
      "state" : {
        "revision" : "61b48250fd937d4f7e98cceacc7e815d582f8363",
        "version" : "1.0.11"
      }
    },
    {
      "identity" : "sctokens",
      "kind" : "remoteSourceControl",
      "location" : "https://github.com/GetSchooly/SCTokens",
      "state" : {
        "revision" : "f2a397523513f51298399a7c623c6110ff5ebfbc",
        "version" : "1.0.15"
      }
    }
  ],
  "version" : 2
}
