{
  "pins" : [
    {
      "identity" : "kingfisher",
      "kind" : "remoteSourceControl",
      "location" : "https://github.com/onevcat/Kingfisher",
      "state" : {
        "revision" : "7deda23bbdca612076c5c315003d8638a08ed0f1",
        "version" : "8.3.2"
      }
    },
    {
      "identity" : "sccomponents",
      "kind" : "remoteSourceControl",
      "location" : "https://github.com/GetSchooly/SCComponents",
      "state" : {
        "revision" : "494251c006077c26c12d33cda345eebcdce3398b",
        "version" : "1.0.13"
      }
    },
    {
      "identity" : "sctokens",
      "kind" : "remoteSourceControl",
      "location" : "https://github.com/GetSchooly/SCTokens",
      "state" : {
        "revision" : "5b71220e2148e13cdab360919582b0dc8627a44d",
        "version" : "1.16.3"
      }
    }
  ],
  "version" : 2
}
