{
  "pins" : [
    {
      "identity" : "sccomponents",
      "kind" : "remoteSourceControl",
      "location" : "https://github.com/GetSchooly/SCComponents",
      "state" : {
        "revision" : "3e4dad58f135f9a9107c49046858b1d93e112e52",
        "version" : "1.0.10"
      }
    },
    {
      "identity" : "sctokens",
      "kind" : "remoteSourceControl",
      "location" : "https://github.com/GetSchooly/SCTokens",
      "state" : {
        "revision" : "aa4b29206ddb90963e0d73248df7becef5be19d9",
        "version" : "1.0.11"
      }
    }
  ],
  "version" : 2
}
