{
  "pins" : [
    {
      "identity" : "sccomponents",
      "kind" : "remoteSourceControl",
      "location" : "https://github.com/GetSchooly/SCComponents",
      "state" : {
        "revision" : "3c48b2fa8afcf6a0b253c47c6b8bba87e2b2a1a3",
        "version" : "1.0.8"
      }
    },
    {
      "identity" : "sctokens",
      "kind" : "remoteSourceControl",
      "location" : "https://github.com/GetSchooly/SCTokens",
      "state" : {
        "revision" : "1c72e340b44504140dfd6e783ca14879e1b81baf",
        "version" : "1.0.9"
      }
    }
  ],
  "version" : 2
}
